
Microsoft Visual Studio Solution File, Format Version 12.00
# Visual Studio Version 17
VisualStudioVersion = 17.8.34112.27
MinimumVisualStudioVersion = 10.0.40219.1
Project("{2150E333-8FDC-42A3-9474-1A3956D46DE8}") = "src", "src", "{FD983C9E-6AD3-496C-889F-6382E55BB6AD}"
EndProject
Project("{2150E333-8FDC-42A3-9474-1A3956D46DE8}") = "Core", "Core", "{33B3F832-6D54-4F95-B74B-AB73F3F89C1D}"
EndProject
Project("{9A19103F-16F7-4668-BE54-9A1E7A4F7556}") = "COPDistrictMS.Domain", "COPDistrictMS.Domain\COPDistrictMS.Domain.csproj", "{AFE591B2-1BFE-492E-959A-D3FA4C0E3F5D}"
EndProject
Project("{9A19103F-16F7-4668-BE54-9A1E7A4F7556}") = "COPDistrictMS.Application", "COPDistrictMS.Application\COPDistrictMS.Application.csproj", "{FA929CAC-95CD-4615-9671-C25A5FC78DCB}"
EndProject
Project("{2150E333-8FDC-42A3-9474-1A3956D46DE8}") = "Infrastructure", "Infrastructure", "{9EDD0B3C-D97E-478D-BB64-FFF5F0578908}"
EndProject
Project("{9A19103F-16F7-4668-BE54-9A1E7A4F7556}") = "COPDistrictMS.Persistence", "COPDistrictMS.Persistence\COPDistrictMS.Persistence.csproj", "{D9A74F53-ACB4-4589-8435-5E2ED87A723D}"
EndProject
Project("{9A19103F-16F7-4668-BE54-9A1E7A4F7556}") = "COPDistrictMS.Infrastructure", "COPDistrictMS.Intrastructure\COPDistrictMS.Infrastructure.csproj", "{08FBB32D-A5F3-412C-B2B1-EEE3FC8E838D}"
EndProject
Project("{2150E333-8FDC-42A3-9474-1A3956D46DE8}") = "Presentation", "Presentation", "{C3DDD79E-9674-43E3-9E26-32F8FBA72F66}"
EndProject
Project("{FAE04EC0-301F-11D3-BF4B-00C04F79EFBC}") = "COPDistrictMS.WebApi.Controllers", "COPDistrictMS.WebApi.Controllers\COPDistrictMS.WebApi.Controllers.csproj", "{84DC16C9-1408-489D-BE3F-46B02AD66B55}"
EndProject
Project("{FAE04EC0-301F-11D3-BF4B-00C04F79EFBC}") = "COPDistrictMS.WebApi", "COPDistrictMS.WebApi\COPDistrictMS.WebApi.csproj", "{57D6F0B7-43AF-4A98-9EF8-48B49882931F}"
EndProject
Project("{FAE04EC0-301F-11D3-BF4B-00C04F79EFBC}") = "COPDistrictMS.Identity", "COPDistrictMS.Identity\COPDistrictMS.Identity.csproj", "{22A73A64-E8D3-4E46-BA7D-3A08EC142EBF}"
EndProject
Global
	GlobalSection(SolutionConfigurationPlatforms) = preSolution
		Debug|Any CPU = Debug|Any CPU
		Release|Any CPU = Release|Any CPU
	EndGlobalSection
	GlobalSection(ProjectConfigurationPlatforms) = postSolution
		{AFE591B2-1BFE-492E-959A-D3FA4C0E3F5D}.Debug|Any CPU.ActiveCfg = Debug|Any CPU
		{AFE591B2-1BFE-492E-959A-D3FA4C0E3F5D}.Debug|Any CPU.Build.0 = Debug|Any CPU
		{AFE591B2-1BFE-492E-959A-D3FA4C0E3F5D}.Release|Any CPU.ActiveCfg = Release|Any CPU
		{AFE591B2-1BFE-492E-959A-D3FA4C0E3F5D}.Release|Any CPU.Build.0 = Release|Any CPU
		{FA929CAC-95CD-4615-9671-C25A5FC78DCB}.Debug|Any CPU.ActiveCfg = Debug|Any CPU
		{FA929CAC-95CD-4615-9671-C25A5FC78DCB}.Debug|Any CPU.Build.0 = Debug|Any CPU
		{FA929CAC-95CD-4615-9671-C25A5FC78DCB}.Release|Any CPU.ActiveCfg = Release|Any CPU
		{FA929CAC-95CD-4615-9671-C25A5FC78DCB}.Release|Any CPU.Build.0 = Release|Any CPU
		{D9A74F53-ACB4-4589-8435-5E2ED87A723D}.Debug|Any CPU.ActiveCfg = Debug|Any CPU
		{D9A74F53-ACB4-4589-8435-5E2ED87A723D}.Debug|Any CPU.Build.0 = Debug|Any CPU
		{D9A74F53-ACB4-4589-8435-5E2ED87A723D}.Release|Any CPU.ActiveCfg = Release|Any CPU
		{D9A74F53-ACB4-4589-8435-5E2ED87A723D}.Release|Any CPU.Build.0 = Release|Any CPU
		{08FBB32D-A5F3-412C-B2B1-EEE3FC8E838D}.Debug|Any CPU.ActiveCfg = Debug|Any CPU
		{08FBB32D-A5F3-412C-B2B1-EEE3FC8E838D}.Debug|Any CPU.Build.0 = Debug|Any CPU
		{08FBB32D-A5F3-412C-B2B1-EEE3FC8E838D}.Release|Any CPU.ActiveCfg = Release|Any CPU
		{08FBB32D-A5F3-412C-B2B1-EEE3FC8E838D}.Release|Any CPU.Build.0 = Release|Any CPU
		{84DC16C9-1408-489D-BE3F-46B02AD66B55}.Debug|Any CPU.ActiveCfg = Debug|Any CPU
		{84DC16C9-1408-489D-BE3F-46B02AD66B55}.Debug|Any CPU.Build.0 = Debug|Any CPU
		{84DC16C9-1408-489D-BE3F-46B02AD66B55}.Release|Any CPU.ActiveCfg = Release|Any CPU
		{84DC16C9-1408-489D-BE3F-46B02AD66B55}.Release|Any CPU.Build.0 = Release|Any CPU
		{57D6F0B7-43AF-4A98-9EF8-48B49882931F}.Debug|Any CPU.ActiveCfg = Debug|Any CPU
		{57D6F0B7-43AF-4A98-9EF8-48B49882931F}.Debug|Any CPU.Build.0 = Debug|Any CPU
		{57D6F0B7-43AF-4A98-9EF8-48B49882931F}.Release|Any CPU.ActiveCfg = Release|Any CPU
		{57D6F0B7-43AF-4A98-9EF8-48B49882931F}.Release|Any CPU.Build.0 = Release|Any CPU
		{22A73A64-E8D3-4E46-BA7D-3A08EC142EBF}.Debug|Any CPU.ActiveCfg = Debug|Any CPU
		{22A73A64-E8D3-4E46-BA7D-3A08EC142EBF}.Debug|Any CPU.Build.0 = Debug|Any CPU
		{22A73A64-E8D3-4E46-BA7D-3A08EC142EBF}.Release|Any CPU.ActiveCfg = Release|Any CPU
		{22A73A64-E8D3-4E46-BA7D-3A08EC142EBF}.Release|Any CPU.Build.0 = Release|Any CPU
	EndGlobalSection
	GlobalSection(SolutionProperties) = preSolution
		HideSolutionNode = FALSE
	EndGlobalSection
	GlobalSection(NestedProjects) = preSolution
		{33B3F832-6D54-4F95-B74B-AB73F3F89C1D} = {FD983C9E-6AD3-496C-889F-6382E55BB6AD}
		{AFE591B2-1BFE-492E-959A-D3FA4C0E3F5D} = {33B3F832-6D54-4F95-B74B-AB73F3F89C1D}
		{FA929CAC-95CD-4615-9671-C25A5FC78DCB} = {33B3F832-6D54-4F95-B74B-AB73F3F89C1D}
		{9EDD0B3C-D97E-478D-BB64-FFF5F0578908} = {FD983C9E-6AD3-496C-889F-6382E55BB6AD}
		{D9A74F53-ACB4-4589-8435-5E2ED87A723D} = {9EDD0B3C-D97E-478D-BB64-FFF5F0578908}
		{08FBB32D-A5F3-412C-B2B1-EEE3FC8E838D} = {9EDD0B3C-D97E-478D-BB64-FFF5F0578908}
		{C3DDD79E-9674-43E3-9E26-32F8FBA72F66} = {FD983C9E-6AD3-496C-889F-6382E55BB6AD}
		{84DC16C9-1408-489D-BE3F-46B02AD66B55} = {C3DDD79E-9674-43E3-9E26-32F8FBA72F66}
		{57D6F0B7-43AF-4A98-9EF8-48B49882931F} = {C3DDD79E-9674-43E3-9E26-32F8FBA72F66}
		{22A73A64-E8D3-4E46-BA7D-3A08EC142EBF} = {9EDD0B3C-D97E-478D-BB64-FFF5F0578908}
	EndGlobalSection
	GlobalSection(ExtensibilityGlobals) = postSolution
		SolutionGuid = {244D494E-4FCB-4F9D-8DEA-F5965C10B719}
	EndGlobalSection
EndGlobal
